{
  "requires": true,
  "lockfileVersion": 1,
  "dependencies": {
    "commander": {
      "version": "2.20.3",
      "resolved": "https://registry.npmjs.org/commander/-/commander-2.20.3.tgz",
      "integrity": "sha512-GpVkmM8vF2vQUkj2LvZmD35JxeJOLCwJ9cUkugyk2nuhbv3+mJvpLYYt+0+USMxE+oj+ey/lJEnhZw75x/OMcQ=="
    },
    "cssfilter": {
      "version": "0.0.10",
      "resolved": "https://registry.npmjs.org/cssfilter/-/cssfilter-0.0.10.tgz",
      "integrity": "sha1-xtJnJjKi5cg+AT5oZKQs6N79IK4="
    },
    "highlight.js": {
      "version": "9.18.1",
      "resolved": "https://registry.npmjs.org/highlight.js/-/highlight.js-9.18.1.tgz",
      "integrity": "sha512-OrVKYz70LHsnCgmbXctv/bfuvntIKDz177h0Co37DQ5jamGZLVmoCVMtjMtNZY3X9DrCcKfklHPNeA0uPZhSJg=="
    },
    "highlight.js-async-webpack": {
      "version": "1.0.4",
      "resolved": "https://registry.npmjs.org/highlight.js-async-webpack/-/highlight.js-async-webpack-1.0.4.tgz",
      "integrity": "sha1-wGtnv5nwSQRdYrdW5YVbCRLsYWw="
    },
    "mavon-editor": {
      "version": "2.9.0",
      "resolved": "https://registry.npmjs.org/mavon-editor/-/mavon-editor-2.9.0.tgz",
      "integrity": "sha512-eGEppkQwGg4Z9UOtCLwL5rcg1CQRw8HyaA8sWJeRJTjNJ4HwBMX6BH5XVnQeumUUVFqHr6cm7GjWgVkIxiSm+Q==",
      "requires": {
        "highlight.js": "^9.11.0",
        "highlight.js-async-webpack": "^1.0.4",
        "xss": "^1.0.6"
      }
    },
    "xss": {
      "version": "1.0.7",
      "resolved": "https://registry.npmjs.org/xss/-/xss-1.0.7.tgz",
      "integrity": "sha512-A9v7tblGvxu8TWXQC9rlpW96a+LN1lyw6wyhpTmmGW+FwRMactchBR3ROKSi33UPCUcUHSu8s9YP6F+K3Mw//w==",
      "requires": {
        "commander": "^2.20.3",
        "cssfilter": "0.0.10"
      }
    }
  }
}
